
Microsoft Visual Studio Solution File, Format Version 12.00
# Visual Studio Version 16
VisualStudioVersion = 16.0.29326.143
MinimumVisualStudioVersion = 10.0.40219.1
Project("{9A19103F-16F7-4668-BE54-9A1E7A4F7556}") = "SshRunAs", "SshRunAs\SshRunAs.csproj", "{57D94522-D94C-453E-8E4D-3FC7B369286A}"
EndProject
Project("{D954291E-2A0B-460D-934E-DC6B0785DB48}") = "SethCS", "SethCS\SethCS\SethCS.shproj", "{52089274-B9A2-4A47-A221-C321DEE1CE7F}"
EndProject
Global
	GlobalSection(SharedMSBuildProjectFiles) = preSolution
		SethCS\SethCS\SethCS.projitems*{52089274-b9a2-4a47-a221-c321dee1ce7f}*SharedItemsImports = 13
		SethCS\SethCS\SethCS.projitems*{57d94522-d94c-453e-8e4d-3fc7b369286a}*SharedItemsImports = 5
	EndGlobalSection
	GlobalSection(SolutionConfigurationPlatforms) = preSolution
		Debug|Any CPU = Debug|Any CPU
		Release|Any CPU = Release|Any CPU
	EndGlobalSection
	GlobalSection(ProjectConfigurationPlatforms) = postSolution
		{57D94522-D94C-453E-8E4D-3FC7B369286A}.Debug|Any CPU.ActiveCfg = Debug|Any CPU
		{57D94522-D94C-453E-8E4D-3FC7B369286A}.Debug|Any CPU.Build.0 = Debug|Any CPU
		{57D94522-D94C-453E-8E4D-3FC7B369286A}.Release|Any CPU.ActiveCfg = Release|Any CPU
		{57D94522-D94C-453E-8E4D-3FC7B369286A}.Release|Any CPU.Build.0 = Release|Any CPU
	EndGlobalSection
	GlobalSection(SolutionProperties) = preSolution
		HideSolutionNode = FALSE
	EndGlobalSection
	GlobalSection(ExtensibilityGlobals) = postSolution
		SolutionGuid = {9539A33D-65A4-4D68-B65E-0A071A3B0325}
	EndGlobalSection
EndGlobal
